
Microsoft Visual Studio Solution File, Format Version 12.00
# Visual Studio Version 17
VisualStudioVersion = 17.9.34728.123
MinimumVisualStudioVersion = 10.0.40219.1
Project("{9A19103F-16F7-4668-BE54-9A1E7A4F7556}") = "Reaper-Engine", "Reaper-Engine.csproj", "{A6C47DC8-2E00-4AF4-B991-189094C66C7E}"
EndProject
Project("{9A19103F-16F7-4668-BE54-9A1E7A4F7556}") = "TileMap-Creator", "..\TileMap-Creator\TileMap-Creator.csproj", "{D23C3154-5C6E-4DD4-BB04-756C36F0AD4F}"
EndProject
Project("{9A19103F-16F7-4668-BE54-9A1E7A4F7556}") = "Snake", "..\Snake\Snake.csproj", "{C37993AC-B804-468F-A6EA-5F0E70F19AB7}"
EndProject
Project("{FAE04EC0-301F-11D3-BF4B-00C04F79EFBC}") = "Reaper-Debug", "..\Reaper-Debug\Reaper-Debug.csproj", "{E10D4857-0575-4C86-AE96-823ADF593629}"
EndProject
Global
	GlobalSection(SolutionConfigurationPlatforms) = preSolution
		Debug|Any CPU = Debug|Any CPU
		Release|Any CPU = Release|Any CPU
	EndGlobalSection
	GlobalSection(ProjectConfigurationPlatforms) = postSolution
		{A6C47DC8-2E00-4AF4-B991-189094C66C7E}.Debug|Any CPU.ActiveCfg = Debug|Any CPU
		{A6C47DC8-2E00-4AF4-B991-189094C66C7E}.Debug|Any CPU.Build.0 = Debug|Any CPU
		{A6C47DC8-2E00-4AF4-B991-189094C66C7E}.Release|Any CPU.ActiveCfg = Release|Any CPU
		{A6C47DC8-2E00-4AF4-B991-189094C66C7E}.Release|Any CPU.Build.0 = Release|Any CPU
		{D23C3154-5C6E-4DD4-BB04-756C36F0AD4F}.Debug|Any CPU.ActiveCfg = Debug|Any CPU
		{D23C3154-5C6E-4DD4-BB04-756C36F0AD4F}.Debug|Any CPU.Build.0 = Debug|Any CPU
		{D23C3154-5C6E-4DD4-BB04-756C36F0AD4F}.Release|Any CPU.ActiveCfg = Release|Any CPU
		{D23C3154-5C6E-4DD4-BB04-756C36F0AD4F}.Release|Any CPU.Build.0 = Release|Any CPU
		{C37993AC-B804-468F-A6EA-5F0E70F19AB7}.Debug|Any CPU.ActiveCfg = Debug|Any CPU
		{C37993AC-B804-468F-A6EA-5F0E70F19AB7}.Debug|Any CPU.Build.0 = Debug|Any CPU
		{C37993AC-B804-468F-A6EA-5F0E70F19AB7}.Release|Any CPU.ActiveCfg = Release|Any CPU
		{C37993AC-B804-468F-A6EA-5F0E70F19AB7}.Release|Any CPU.Build.0 = Release|Any CPU
		{E10D4857-0575-4C86-AE96-823ADF593629}.Debug|Any CPU.ActiveCfg = Debug|Any CPU
		{E10D4857-0575-4C86-AE96-823ADF593629}.Debug|Any CPU.Build.0 = Debug|Any CPU
		{E10D4857-0575-4C86-AE96-823ADF593629}.Release|Any CPU.ActiveCfg = Release|Any CPU
		{E10D4857-0575-4C86-AE96-823ADF593629}.Release|Any CPU.Build.0 = Release|Any CPU
	EndGlobalSection
	GlobalSection(SolutionProperties) = preSolution
		HideSolutionNode = FALSE
	EndGlobalSection
	GlobalSection(ExtensibilityGlobals) = postSolution
		SolutionGuid = {2458D480-B337-4C6A-A9C2-134DC0EADF23}
	EndGlobalSection
EndGlobal
